{
  "nodes": {
    "root": {
      "inputs": {
        "thattem-nixos-options": "thattem-nixos-options"
      }
    },
    "thattem-nixos-options": {
      "locked": {
        "lastModified": 1777713665,
        "narHash": "sha256-GbwsDyNiHkoJCiTfT0PqDz5D7Sp7PcGZeHLInwkWolY=",
        "owner": "thattemperature",
        "repo": "thattem-nixos-options",
        "rev": "3d0baaa410d8b29cfb7172cd073c1119ab98bd00",
        "type": "github"
      },
      "original": {
        "owner": "thattemperature",
        "repo": "thattem-nixos-options",
        "type": "github"
      }
    }
  },
  "root": "root",
  "version": 7
}
